
Microsoft Visual Studio Solution File, Format Version 12.00
# Visual Studio 15
VisualStudioVersion = 15.0.27703.2042
MinimumVisualStudioVersion = 10.0.40219.1
Project("{FAE04EC0-301F-11D3-BF4B-00C04F79EFBC}") = "Slideshow", "Slideshow\Slideshow.csproj", "{F846EE3B-2572-40CC-BC94-DFC8569F6304}"
EndProject
Global
	GlobalSection(SolutionConfigurationPlatforms) = preSolution
		Debug|Any CPU = Debug|Any CPU
		Release|Any CPU = Release|Any CPU
	EndGlobalSection
	GlobalSection(ProjectConfigurationPlatforms) = postSolution
		{F846EE3B-2572-40CC-BC94-DFC8569F6304}.Debug|Any CPU.ActiveCfg = Debug|Any CPU
		{F846EE3B-2572-40CC-BC94-DFC8569F6304}.Debug|Any CPU.Build.0 = Debug|Any CPU
		{F846EE3B-2572-40CC-BC94-DFC8569F6304}.Release|Any CPU.ActiveCfg = Release|Any CPU
		{F846EE3B-2572-40CC-BC94-DFC8569F6304}.Release|Any CPU.Build.0 = Release|Any CPU
	EndGlobalSection
	GlobalSection(SolutionProperties) = preSolution
		HideSolutionNode = FALSE
	EndGlobalSection
	GlobalSection(ExtensibilityGlobals) = postSolution
		SolutionGuid = {38E13EEE-F40E-4678-8CE4-C84FBDA0CE93}
	EndGlobalSection
EndGlobal
